{
  "name": "@folio/cataloging",
  "version": "1.0.21",
  "lockfileVersion": 1,
  "requires": true,
  "dependencies": {
    "@material-ui/lab": {
      "version": "1.0.0-alpha.5",
      "resolved": "https://registry.npmjs.org/@material-ui/lab/-/lab-1.0.0-alpha.5.tgz",
      "integrity": "sha512-FqDhtfEB78JG7NKr2v8KRK5rhmQ4PT3fBY9iMCGFI02tIynBALqNB9Z3ahanYIoQxdiYftRbxmP+q7lSqvsIgw=="
    },
    "dotenv": {
      "version": "6.0.0",
      "resolved": "https://registry.npmjs.org/dotenv/-/dotenv-6.0.0.tgz",
      "integrity": "sha512-FlWbnhgjtwD+uNLUGHbMykMOYQaTivdHEmYwAKFjn6GKe/CqY0fNae93ZHTd20snh9ZLr8mTzIL9m0APQ1pjQg=="
    }
  }
}
