{
  "name": "@folio/cataloging",
  "version": "1.0.0-alpha",
  "lockfileVersion": 1,
  "requires": true,
  "dependencies": {
    "@material-ui/lab": {
      "version": "1.0.0-alpha.5",
      "resolved": "https://registry.npmjs.org/@material-ui/lab/-/lab-1.0.0-alpha.5.tgz",
      "integrity": "sha512-FqDhtfEB78JG7NKr2v8KRK5rhmQ4PT3fBY9iMCGFI02tIynBALqNB9Z3ahanYIoQxdiYftRbxmP+q7lSqvsIgw=="
    }
  }
}
